
Microsoft Visual Studio Solution File, Format Version 12.00
# Visual Studio Version 17
VisualStudioVersion = 17.4.33103.184
MinimumVisualStudioVersion = 10.0.40219.1
Project("{FAE04EC0-301F-11D3-BF4B-00C04F79EFBC}") = "B3.Api", "B3.Api\B3.Api.csproj", "{C9D7CA7D-B5E1-4BB3-9775-E251C67CDD55}"
EndProject
Project("{FAE04EC0-301F-11D3-BF4B-00C04F79EFBC}") = "B3.Api.Tests", "B3.Api.Tests\B3.Api.Tests.csproj", "{AA2794BC-971F-4C14-91FA-C252FC295D83}"
EndProject
Global
	GlobalSection(SolutionConfigurationPlatforms) = preSolution
		Debug|Any CPU = Debug|Any CPU
		Release|Any CPU = Release|Any CPU
	EndGlobalSection
	GlobalSection(ProjectConfigurationPlatforms) = postSolution
		{C9D7CA7D-B5E1-4BB3-9775-E251C67CDD55}.Debug|Any CPU.ActiveCfg = Debug|Any CPU
		{C9D7CA7D-B5E1-4BB3-9775-E251C67CDD55}.Debug|Any CPU.Build.0 = Debug|Any CPU
		{C9D7CA7D-B5E1-4BB3-9775-E251C67CDD55}.Release|Any CPU.ActiveCfg = Release|Any CPU
		{C9D7CA7D-B5E1-4BB3-9775-E251C67CDD55}.Release|Any CPU.Build.0 = Release|Any CPU
		{AA2794BC-971F-4C14-91FA-C252FC295D83}.Debug|Any CPU.ActiveCfg = Debug|Any CPU
		{AA2794BC-971F-4C14-91FA-C252FC295D83}.Debug|Any CPU.Build.0 = Debug|Any CPU
		{AA2794BC-971F-4C14-91FA-C252FC295D83}.Release|Any CPU.ActiveCfg = Release|Any CPU
		{AA2794BC-971F-4C14-91FA-C252FC295D83}.Release|Any CPU.Build.0 = Release|Any CPU
	EndGlobalSection
	GlobalSection(SolutionProperties) = preSolution
		HideSolutionNode = FALSE
	EndGlobalSection
	GlobalSection(ExtensibilityGlobals) = postSolution
		SolutionGuid = {800FC9FD-FE03-4B13-8CB2-0836821FB1EF}
	EndGlobalSection
EndGlobal
