
Microsoft Visual Studio Solution File, Format Version 12.00
# Visual Studio Version 17
VisualStudioVersion = 17.4.33213.308
MinimumVisualStudioVersion = 10.0.40219.1
Project("{9A19103F-16F7-4668-BE54-9A1E7A4F7556}") = "B3.Api", "B3.Api\B3.Api.csproj", "{BAF02E1B-56B5-47C2-B191-FF248053C1CE}"
EndProject
Project("{9A19103F-16F7-4668-BE54-9A1E7A4F7556}") = "B3.Test", "B3.Test\B3.Test.csproj", "{6862D8D1-4C3F-4752-BC50-3E602582ED8B}"
EndProject
Project("{2150E333-8FDC-42A3-9474-1A3956D46DE8}") = "Solution Items", "Solution Items", "{057A697A-0AEF-4943-9E2F-9A3E82A18A3D}"
	ProjectSection(SolutionItems) = preProject
		.editorconfig = .editorconfig
	EndProjectSection
EndProject
Global
	GlobalSection(SolutionConfigurationPlatforms) = preSolution
		Debug|Any CPU = Debug|Any CPU
		Release|Any CPU = Release|Any CPU
	EndGlobalSection
	GlobalSection(ProjectConfigurationPlatforms) = postSolution
		{BAF02E1B-56B5-47C2-B191-FF248053C1CE}.Debug|Any CPU.ActiveCfg = Debug|Any CPU
		{BAF02E1B-56B5-47C2-B191-FF248053C1CE}.Debug|Any CPU.Build.0 = Debug|Any CPU
		{BAF02E1B-56B5-47C2-B191-FF248053C1CE}.Release|Any CPU.ActiveCfg = Release|Any CPU
		{BAF02E1B-56B5-47C2-B191-FF248053C1CE}.Release|Any CPU.Build.0 = Release|Any CPU
		{6862D8D1-4C3F-4752-BC50-3E602582ED8B}.Debug|Any CPU.ActiveCfg = Debug|Any CPU
		{6862D8D1-4C3F-4752-BC50-3E602582ED8B}.Debug|Any CPU.Build.0 = Debug|Any CPU
		{6862D8D1-4C3F-4752-BC50-3E602582ED8B}.Release|Any CPU.ActiveCfg = Release|Any CPU
		{6862D8D1-4C3F-4752-BC50-3E602582ED8B}.Release|Any CPU.Build.0 = Release|Any CPU
	EndGlobalSection
	GlobalSection(SolutionProperties) = preSolution
		HideSolutionNode = FALSE
	EndGlobalSection
	GlobalSection(ExtensibilityGlobals) = postSolution
		SolutionGuid = {29827878-0D8A-4F69-B174-737F1A761833}
	EndGlobalSection
EndGlobal
